
Microsoft Visual Studio Solution File, Format Version 12.00
# Visual Studio Version 17
VisualStudioVersion = 17.14.36327.8 d17.14
MinimumVisualStudioVersion = 10.0.40219.1
Project("{FAE04EC0-301F-11D3-BF4B-00C04F79EFBC}") = "WindowsFormsApp1", "WindowsFormsApp1\WindowsFormsApp1.csproj", "{C3AC8A14-2869-4DE8-87EC-577EF209456F}"
EndProject
Global
	GlobalSection(SolutionConfigurationPlatforms) = preSolution
		Debug|Any CPU = Debug|Any CPU
		Release|Any CPU = Release|Any CPU
	EndGlobalSection
	GlobalSection(ProjectConfigurationPlatforms) = postSolution
		{C3AC8A14-2869-4DE8-87EC-577EF209456F}.Debug|Any CPU.ActiveCfg = Debug|Any CPU
		{C3AC8A14-2869-4DE8-87EC-577EF209456F}.Debug|Any CPU.Build.0 = Debug|Any CPU
		{C3AC8A14-2869-4DE8-87EC-577EF209456F}.Release|Any CPU.ActiveCfg = Release|Any CPU
		{C3AC8A14-2869-4DE8-87EC-577EF209456F}.Release|Any CPU.Build.0 = Release|Any CPU
	EndGlobalSection
	GlobalSection(SolutionProperties) = preSolution
		HideSolutionNode = FALSE
	EndGlobalSection
	GlobalSection(ExtensibilityGlobals) = postSolution
		SolutionGuid = {8C61D16C-540E-498E-A33F-D40B0F432B7D}
	EndGlobalSection
EndGlobal
